# Отпечатки немецких фраз на момент перевода на uk.
#
# Генерируется: dart run tool/lock_translations.dart --lang uk
# Руками не правится. Строка «id отпечаток»; отпечаток берётся
# от собранного предложения, а не от шаблона с ответами
# по отдельности.
#
# Расхождение означает, что немецкую фразу изменили после
# перевода: перевод на месте, но описывает не тот текст.
# Валидатор выносит такие фразы на перевод заново.
about_me_a0_01 d4731d5898df
about_me_a0_02 2753e4860651
about_me_a0_03 b8e0d0852835
about_me_a0_04 3f22e95182a8
about_me_a0_05 69a4781a7cfe
about_me_a0_06 f13f25a37535
about_me_a0_07 fb8561025629
about_me_a0_08 4000ddf9f152
about_me_a0_09 9e41dd25d5cb
about_me_a0_10 85f656ff8ee8
about_me_a0_11 56f77b517e34
about_me_a0_12 b04507be23ac
about_me_a0_13 1b1f96542a1f
about_me_a0_14 8d1a1fe59331
about_me_a0_15 43fb4049e0be
about_me_a0_16 8c08c0498e70
about_me_a0_17 ab987103898b
about_me_a0_18 2227e8d3ff8f
about_me_a0_19 5b9db75bed01
about_me_a0_20 fafa366bebf8
advice_decisions_b1_01 9a8fc1aea286
advice_decisions_b1_02 8865ec071b79
advice_decisions_b1_03 da15c949d7f8
advice_decisions_b1_04 bef2add3acee
advice_decisions_b1_05 b7f765a6236c
advice_decisions_b1_06 c573d5d8d319
advice_decisions_b1_07 e00becf41b75
advice_decisions_b1_08 00af4b117076
advice_decisions_b1_09 beeb38002737
advice_decisions_b1_10 abe0528b15d0
advice_decisions_b1_11 f43f9e96cc83
advice_decisions_b1_12 cb631768c786
advice_decisions_b1_13 c35139b47bfa
advice_decisions_b1_14 dce7c2ae067b
advice_decisions_b1_15 970fb3558560
advice_decisions_b1_16 6b8ebe8c9d84
advice_decisions_b1_17 55dd88486b38
advice_decisions_b1_18 aac1f415e81f
advice_decisions_b1_19 bb6a87f9f72d
advice_decisions_b1_20 8907fbe2a828
agree_object_b1_01 2529252058e9
agree_object_b1_02 61ed980fda3b
agree_object_b1_03 c319d0424268
agree_object_b1_04 2f8eed841bff
agree_object_b1_05 df70a090569d
agree_object_b1_06 94115ad0862a
agree_object_b1_07 e8cf623a419d
agree_object_b1_08 7c8e00d52d50
agree_object_b1_09 92899ac2d44b
agree_object_b1_10 2f19e0a99e04
agree_object_b1_11 d1169ef3444e
agree_object_b1_12 f70f8e098dfb
agree_object_b1_13 fb1406b6c637
agree_object_b1_14 299147f6b706
agree_object_b1_15 91cb71999925
agree_object_b1_16 c10fced7b6fd
agree_object_b1_17 a4da37a800fe
agree_object_b1_18 1fa15017df5d
agree_object_b1_19 2ddad7d752ed
agree_object_b1_20 f0395a938d07
ai_information_b2_01 e6a18c8fb7df
ai_information_b2_02 23d465ff0312
ai_information_b2_03 dff15dbc84d6
ai_information_b2_04 90eefc809ae7
ai_information_b2_05 e6a40bafd225
ai_information_b2_06 d512a611c4fc
ai_information_b2_07 757ca8cc95ca
ai_information_b2_08 012e82a1b50e
ai_information_b2_09 c0b819713af1
ai_information_b2_10 0e2b8fe07ea1
ai_information_b2_11 27234e69670c
ai_information_b2_12 55a2b1d54f32
ai_information_b2_13 9f8a5737f226
ai_information_b2_14 74c85ab9ad92
ai_information_b2_15 54f8a421dc6b
ai_information_b2_16 900156573ba0
ai_information_b2_17 46dedf20c72a
ai_information_b2_18 44bad81c7a7d
ai_information_b2_19 26c4a61067fd
ai_information_b2_20 623e05229b53
argument_building_b2_01 cf097a0eb366
argument_building_b2_02 9f935ffd63f4
argument_building_b2_03 9d8f94c50cbc
argument_building_b2_04 9e03eb1d65a6
argument_building_b2_05 09959f1819a1
argument_building_b2_06 a5a71529020d
argument_building_b2_07 4bfd244c0ff4
argument_building_b2_08 d255034b155d
argument_building_b2_09 bd6eeec63687
argument_building_b2_10 776431a42617
argument_building_b2_11 ba83bfd55019
argument_building_b2_12 e17b14f7f4b6
argument_building_b2_13 839ee144a130
argument_building_b2_14 3a25ff42df2d
argument_building_b2_15 b003b264efe1
argument_building_b2_16 bcee3dc6819f
argument_building_b2_17 eb538639e669
argument_building_b2_18 dccb2214a363
argument_building_b2_19 bf542658bfcd
argument_building_b2_20 ea81bfdf94b1
arrangements_a2_01 854c8cb3256a
arrangements_a2_02 e3c67500640b
arrangements_a2_03 e04d2316961d
arrangements_a2_04 370d40972f49
arrangements_a2_05 325aadc218a9
arrangements_a2_06 9ec36a92d465
arrangements_a2_07 2604f2ae0094
arrangements_a2_08 4af4cc6049b7
arrangements_a2_09 b5b6c21191e3
arrangements_a2_10 30b042c629ce
arrangements_a2_11 cfb452f4ed9c
arrangements_a2_12 d7dcebab6873
arrangements_a2_13 00404835d667
arrangements_a2_14 f732be288472
arrangements_a2_15 990af478d0cf
arrangements_a2_16 a4b1b9c4434e
arrangements_a2_17 39179ef2af01
arrangements_a2_18 4f00b99d4b72
arrangements_a2_19 30846494452c
arrangements_a2_20 65fad8fefaff
cafe_food_a1_01 22cedec60d7c
cafe_food_a1_02 95ff001da67e
cafe_food_a1_03 99beeaaaf3dc
cafe_food_a1_04 86c26c8222d5
cafe_food_a1_05 fe07d81f1057
cafe_food_a1_06 a360fb140b6f
cafe_food_a1_07 833f9580260b
cafe_food_a1_08 de7243cd036e
cafe_food_a1_09 383bd1a5c6fe
cafe_food_a1_10 5948bf775bae
cafe_food_a1_11 cbf4a38558ba
cafe_food_a1_12 cbffb8676cb3
cafe_food_a1_13 77b13ab24e3c
cafe_food_a1_14 e1ea826cc741
cafe_food_a1_15 11ee55d05999
cafe_food_a1_16 ede5fd7c4464
cafe_food_a1_17 bd332d2c5345
cafe_food_a1_18 dac91f002186
cafe_food_a1_19 c4f331b0356c
cafe_food_a1_20 ac5056b6d843
clarify_mediate_b1_01 eed622579d28
clarify_mediate_b1_02 58a21fce6d67
clarify_mediate_b1_03 828657837f3b
clarify_mediate_b1_04 a41e6194a390
clarify_mediate_b1_05 29d1e121110f
clarify_mediate_b1_06 a94b8eac13e3
clarify_mediate_b1_07 6078f44a5fc8
clarify_mediate_b1_08 fed70b248e91
clarify_mediate_b1_09 5042d5c91427
clarify_mediate_b1_10 0b5b5ae1bb26
clarify_mediate_b1_11 d0f8ee8f9229
clarify_mediate_b1_12 4d35bbd8b1c2
clarify_mediate_b1_13 8c88e369ec9e
clarify_mediate_b1_14 a8f515a5e123
clarify_mediate_b1_15 cab19c5c8575
clarify_mediate_b1_16 ca788482a6b8
clarify_mediate_b1_17 20e8ca97a311
clarify_mediate_b1_18 347c29ed6f7f
clarify_mediate_b1_19 c5ca77bab6d6
clarify_mediate_b1_20 f0392d3467f8
comparison_conditions_a2_01 f4f05f0cd3cb
comparison_conditions_a2_02 d1e7abc99a42
comparison_conditions_a2_03 0fdb1fdf49f4
comparison_conditions_a2_04 3daac7e63de2
comparison_conditions_a2_05 9c84e2289328
comparison_conditions_a2_06 43c95fb91610
comparison_conditions_a2_07 1509194a2e58
comparison_conditions_a2_08 f2446b84b72a
comparison_conditions_a2_09 a7fb80e9c172
comparison_conditions_a2_10 a8deccce65b6
comparison_conditions_a2_11 4fa556607021
comparison_conditions_a2_12 6268a8c8970d
comparison_conditions_a2_13 f29d33c88289
comparison_conditions_a2_14 f706d1a73b7e
comparison_conditions_a2_15 fefa237a6ee8
comparison_conditions_a2_16 cff25fd3ac8d
comparison_conditions_a2_17 8d89455d5b49
comparison_conditions_a2_18 53f26f040a3b
comparison_conditions_a2_19 8ab8c7b32e34
comparison_conditions_a2_20 ad42510e672a
culture_impressions_b1_01 3bcbb299f6e9
culture_impressions_b1_02 7026ffdcf9f8
culture_impressions_b1_03 a920dfdbddc7
culture_impressions_b1_04 03e47c694cb9
culture_impressions_b1_05 82a7101cc291
culture_impressions_b1_06 24d02ece48db
culture_impressions_b1_07 eb923bbc7ac9
culture_impressions_b1_08 ec2e0e9bd911
culture_impressions_b1_09 6368ec24e352
culture_impressions_b1_10 0e4540f4c470
culture_impressions_b1_11 5049f22fc8a8
culture_impressions_b1_12 4cc7c6697523
culture_impressions_b1_13 494128a174c9
culture_impressions_b1_14 4f9e8b926309
culture_impressions_b1_15 bedae91d6b48
culture_impressions_b1_16 07a4218aa455
culture_impressions_b1_17 3029dba94c71
culture_impressions_b1_18 34eabbe37c6b
culture_impressions_b1_19 7b4b29b193b3
culture_impressions_b1_20 8e88cb975b16
daily_routine_a1_01 f1b71e1e6868
daily_routine_a1_02 29b08f3c80ad
daily_routine_a1_03 ca7cf9729cd5
daily_routine_a1_04 6f08456962f9
daily_routine_a1_05 0e6e456484b5
daily_routine_a1_06 ee7184ef5d2d
daily_routine_a1_07 82710dbad33b
daily_routine_a1_08 67953754cbf3
daily_routine_a1_09 663b32dfcf0e
daily_routine_a1_10 68fb9efcac10
daily_routine_a1_11 8184a7358ae3
daily_routine_a1_12 1479cf1549bc
daily_routine_a1_13 d1ce3790222e
daily_routine_a1_14 ebd622d23196
daily_routine_a1_15 9f2da75f34a4
daily_routine_a1_16 326a003c11f3
daily_routine_a1_17 8fda151530a6
daily_routine_a1_18 66c1b9a8fc31
daily_routine_a1_19 20a89c5ef939
daily_routine_a1_20 b68a0e14b4b9
digital_life_a2_01 b23e329a30ac
digital_life_a2_02 dcde987b3020
digital_life_a2_03 cc6696856bb4
digital_life_a2_04 207998dbae5e
digital_life_a2_05 5599be62a8f7
digital_life_a2_06 4f36c370fd8a
digital_life_a2_07 87720bc62adb
digital_life_a2_08 fa6c768a7369
digital_life_a2_09 ac5ccf47585c
digital_life_a2_10 4b91c71a77c9
digital_life_a2_11 19d22e309b70
digital_life_a2_12 3770a98b75a4
digital_life_a2_13 4a326ceaa1d8
digital_life_a2_14 ea85d2ded029
digital_life_a2_15 edd94d47d847
digital_life_a2_16 edd1ee0d11d6
digital_life_a2_17 dcc3ce2ce861
digital_life_a2_18 2d43bdf52bc4
digital_life_a2_19 7432edb4687d
digital_life_a2_20 9d389c690f82
ecology_decisions_b2_01 c189e8fd0bc4
ecology_decisions_b2_02 9cc5d14827f2
ecology_decisions_b2_03 e7f8aa96ec43
ecology_decisions_b2_04 96b54ec7ac31
ecology_decisions_b2_05 f1ae4bec7bd9
ecology_decisions_b2_06 c8bf7a2eed67
ecology_decisions_b2_07 8e47af5f3dd2
ecology_decisions_b2_08 071dcfeda19d
ecology_decisions_b2_09 94ae158a791b
ecology_decisions_b2_10 634cd0b01d25
ecology_decisions_b2_11 86a10aa5fbec
ecology_decisions_b2_12 3312923da71a
ecology_decisions_b2_13 3eb956db6862
ecology_decisions_b2_14 198c383942de
ecology_decisions_b2_15 0ef8995196d6
ecology_decisions_b2_16 d5d8c5e314cb
ecology_decisions_b2_17 5b6d6f42e3a4
ecology_decisions_b2_18 ee5a87086dd9
ecology_decisions_b2_19 52c0a4d1232a
ecology_decisions_b2_20 bc30feeda15a
ecology_mobility_b1_01 6c278a7fe8a2
ecology_mobility_b1_02 e2992a285400
ecology_mobility_b1_03 d33c25953ae7
ecology_mobility_b1_04 2f8fe91f22c0
ecology_mobility_b1_05 9efbc39ef06f
ecology_mobility_b1_06 e013194623de
ecology_mobility_b1_07 ed10a518a0b8
ecology_mobility_b1_08 a783cb78d5da
ecology_mobility_b1_09 b386df65d121
ecology_mobility_b1_10 625a50988925
ecology_mobility_b1_11 47597900ede6
ecology_mobility_b1_12 99c002df429e
ecology_mobility_b1_13 6ee79a6567a9
ecology_mobility_b1_14 a3bf937944cd
ecology_mobility_b1_15 d929cc2e7ab9
ecology_mobility_b1_16 cc25710971a9
ecology_mobility_b1_17 22ed8e6adaab
ecology_mobility_b1_18 9db11c364a3e
ecology_mobility_b1_19 ddfc299eff0a
ecology_mobility_b1_20 5c7fe48aeb32
feelings_support_a2_01 bfa05c60321d
feelings_support_a2_02 77ffdc79ebca
feelings_support_a2_03 ec87761ff0c1
feelings_support_a2_04 739a1b06b211
feelings_support_a2_05 a9209d33e611
feelings_support_a2_06 e135e35fd8e5
feelings_support_a2_07 127b2abdb5b1
feelings_support_a2_08 f7b57804aa25
feelings_support_a2_09 1f9d43f02eda
feelings_support_a2_10 d4d92fc91ac7
feelings_support_a2_11 10155c0757bf
feelings_support_a2_12 e8426e39f7c0
feelings_support_a2_13 694ac0cd7eab
feelings_support_a2_14 f92497ce18a2
feelings_support_a2_15 16396f5308bf
feelings_support_a2_16 a8fbcc076ae2
feelings_support_a2_17 216fe04d4a8f
feelings_support_a2_18 6df8f11df89f
feelings_support_a2_19 f045755be1c6
feelings_support_a2_20 ba5217e1bccf
first_contact_a0_01 357a57fe73d6
first_contact_a0_02 d8fcfdbdd51c
first_contact_a0_03 d3b83fdb8445
first_contact_a0_04 08dea0444d81
first_contact_a0_05 85d93305b115
first_contact_a0_06 3350b844857c
first_contact_a0_07 d35a6aa7629a
first_contact_a0_08 bd23ea6cdb98
first_contact_a0_09 3a7e225e0e49
first_contact_a0_10 e34b0b1f4310
first_contact_a0_11 8bbd4b3c19db
first_contact_a0_12 6009d2ccd46d
first_contact_a0_13 f6119c2dd838
first_contact_a0_14 851b9875c6e8
first_contact_a0_15 fa79803ac56e
first_contact_a0_16 62d1cfcfb547
first_contact_a0_17 5d8e88683f6d
first_contact_a0_18 8ed702d117af
first_contact_a0_19 f30070108726
first_contact_a0_20 2fba096bd837
health_doctor_a1_01 5e8cc8649684
health_doctor_a1_02 0dd0da7ae12a
health_doctor_a1_03 58fa07adb8e2
health_doctor_a1_04 ad1068e4a4d4
health_doctor_a1_05 44ee39990694
health_doctor_a1_06 4fc1e7be0126
health_doctor_a1_07 426b856bbab0
health_doctor_a1_08 723f26c85820
health_doctor_a1_09 0713fc133093
health_doctor_a1_10 10874b88dbf8
health_doctor_a1_11 937b0d0b1dff
health_doctor_a1_12 2f0ee0e749f1
health_doctor_a1_13 5531c01c2dc7
health_doctor_a1_14 cce39584d624
health_doctor_a1_15 c72c47e0caf9
health_doctor_a1_16 a6265280eb07
health_doctor_a1_17 49b5ebf676b9
health_doctor_a1_18 9cfa800a05cd
health_doctor_a1_19 55f7ee88666f
health_doctor_a1_20 fad020a30fdb
health_lifestyle_b1_01 4489bbe4a0cd
health_lifestyle_b1_02 eb11d02a65f3
health_lifestyle_b1_03 1e84a8d024db
health_lifestyle_b1_04 0dcefc9f55cc
health_lifestyle_b1_05 2fddb52c6d61
health_lifestyle_b1_06 a15bf69932ee
health_lifestyle_b1_07 d665a3d5e8e9
health_lifestyle_b1_08 a6885ea4e14c
health_lifestyle_b1_09 e5acf6a0d798
health_lifestyle_b1_10 571385b239a5
health_lifestyle_b1_11 61a94ced6fde
health_lifestyle_b1_12 6f6b1fc53b9a
health_lifestyle_b1_13 d85bbd8a0bb6
health_lifestyle_b1_14 f9470f2b3dd3
health_lifestyle_b1_15 d2f102de1472
health_lifestyle_b1_16 b1ebe27a366d
health_lifestyle_b1_17 6db0f0f0ecc0
health_lifestyle_b1_18 ef7114350301
health_lifestyle_b1_19 3b80335c281c
health_lifestyle_b1_20 f642d769e346
hedging_b2_01 d4b5a11e8f49
hedging_b2_02 c9d007aed14d
hedging_b2_03 88e57f203b18
hedging_b2_04 076e5eb8fbb6
hedging_b2_05 ae423546b3f2
hedging_b2_06 4d1197028118
hedging_b2_07 a2fa52149289
hedging_b2_08 b7617c0508ab
hedging_b2_09 ae6342470142
hedging_b2_10 7697cce76415
hedging_b2_11 da0c394f2e5c
hedging_b2_12 d96ec4e00728
hedging_b2_13 dfcfa8bad3ba
hedging_b2_14 c70216ce4e0d
hedging_b2_15 24eab1932803
hedging_b2_16 3ef5030c6a3a
hedging_b2_17 bdef70c5ad19
hedging_b2_18 595d7773c1b8
hedging_b2_19 b2a05e8df2fa
hedging_b2_20 444ea24c8438
history_consequences_b1_01 636e10d550f3
history_consequences_b1_02 4c6b490235c7
history_consequences_b1_03 c9bb1d3cd236
history_consequences_b1_04 15ff1368593b
history_consequences_b1_05 f7126d892215
history_consequences_b1_06 eadcd3e2e119
history_consequences_b1_07 fc62126ac764
history_consequences_b1_08 028c7895a3e7
history_consequences_b1_09 79e035e9fbfd
history_consequences_b1_10 60391a5e888e
history_consequences_b1_11 d1b9fa80d5bb
history_consequences_b1_12 01ccaf26c1e6
history_consequences_b1_13 4603ca9d2b4f
history_consequences_b1_14 eae6ddc1baf0
history_consequences_b1_15 02c8f1a629fa
history_consequences_b1_16 c85459856cd0
history_consequences_b1_17 320874800d47
history_consequences_b1_18 6ae150e52f4d
history_consequences_b1_19 5c1bbcfb1b46
history_consequences_b1_20 3cf902c9b013
housing_repairs_a2_01 2a718bf2d9bf
housing_repairs_a2_02 2af56ad2f064
housing_repairs_a2_03 e47b9cf2efbe
housing_repairs_a2_04 5e6ba95f1214
housing_repairs_a2_05 f2ed8893f7a9
housing_repairs_a2_06 caa34287e183
housing_repairs_a2_07 cd6eb0ce91b0
housing_repairs_a2_08 520e0a3ccc6b
housing_repairs_a2_09 4303c21fffd7
housing_repairs_a2_10 2a73114ae952
housing_repairs_a2_11 8ebe6d1ebee7
housing_repairs_a2_12 dbddbe6109d9
housing_repairs_a2_13 c000505a0f25
housing_repairs_a2_14 23bc8733ca44
housing_repairs_a2_15 f924c36e0fa0
housing_repairs_a2_16 d50c4d1f237d
housing_repairs_a2_17 a876f4a05e73
housing_repairs_a2_18 db631c1294a3
housing_repairs_a2_19 0a635f97f6ab
housing_repairs_a2_20 a336035a487e
idioms_speech_b2_01 4ee9e0f7b431
idioms_speech_b2_02 2fbb14cc1180
idioms_speech_b2_03 6bd6383683b8
idioms_speech_b2_04 6ff67bfa5c9e
idioms_speech_b2_05 06d2a568a3ef
idioms_speech_b2_06 72f64b41acb3
idioms_speech_b2_07 b059b38b2170
idioms_speech_b2_08 d0cc93a08947
idioms_speech_b2_09 26f812f65738
idioms_speech_b2_10 a63d617b80f4
idioms_speech_b2_11 2aa235c1f791
idioms_speech_b2_12 166eb06d8dd2
idioms_speech_b2_13 86e73e7a37fc
idioms_speech_b2_14 9ad300644753
idioms_speech_b2_15 6d3ed72a1784
idioms_speech_b2_16 f47e594c6309
idioms_speech_b2_17 be6b17225b17
idioms_speech_b2_18 0507324e56b4
idioms_speech_b2_19 a41d4398da75
idioms_speech_b2_20 71eb05287bc9
learning_how_a2_01 3e7f15649cba
learning_how_a2_02 69f9ec5a2dcc
learning_how_a2_03 8636732c0e05
learning_how_a2_04 099e95e99eb1
learning_how_a2_05 44f03cf6db17
learning_how_a2_06 5d9950357833
learning_how_a2_07 37894d832015
learning_how_a2_08 240bce4169f1
learning_how_a2_09 09020b7b6a53
learning_how_a2_10 434890fc8cae
learning_how_a2_11 0cd489c427ac
learning_how_a2_12 4231d5141673
learning_how_a2_13 6de36d25927d
learning_how_a2_14 14e6ac72e8ec
learning_how_a2_15 7580e1d44c20
learning_how_a2_16 c09218d2f745
learning_how_a2_17 1f5b513a93fe
learning_how_a2_18 b57c65f18777
learning_how_a2_19 bf533b313a8f
learning_how_a2_20 83c56b24a9c5
letters_requests_b1_01 0e12117003c4
letters_requests_b1_02 626d5e43666c
letters_requests_b1_03 eddfdf419852
letters_requests_b1_04 9dd4ab4dcb40
letters_requests_b1_05 6bdb6d5b1ead
letters_requests_b1_06 86ad42bf1e8d
letters_requests_b1_07 17eed7203138
letters_requests_b1_08 4c30a5ea08fa
letters_requests_b1_09 ea7b9aaf735b
letters_requests_b1_10 cf86fe8b0c16
letters_requests_b1_11 e85f7f8bb805
letters_requests_b1_12 2d514c5b408f
letters_requests_b1_13 d1b31b2e1784
letters_requests_b1_14 6761196f4bf4
letters_requests_b1_15 6e639b14cc74
letters_requests_b1_16 6cee09755a42
letters_requests_b1_17 5492441af281
letters_requests_b1_18 ecce16e6b595
letters_requests_b1_19 3fc1f65790a5
letters_requests_b1_20 0e5321d7a5f7
meetings_decisions_b2_01 54980a5a38c8
meetings_decisions_b2_02 d2ed487f4ed4
meetings_decisions_b2_03 3da6befdb53f
meetings_decisions_b2_04 07f5ba9f0def
meetings_decisions_b2_05 43e9db30823f
meetings_decisions_b2_06 ba52d630c945
meetings_decisions_b2_07 23476b78855e
meetings_decisions_b2_08 a26e3e839a9b
meetings_decisions_b2_09 62a5484c83e2
meetings_decisions_b2_10 781554749b1d
meetings_decisions_b2_11 f3127f13dafa
meetings_decisions_b2_12 e62287abc5ab
meetings_decisions_b2_13 730b571f5ce5
meetings_decisions_b2_14 689179b50efd
meetings_decisions_b2_15 d9aec6da38eb
meetings_decisions_b2_16 8a62287e8b20
meetings_decisions_b2_17 e95bdcad0c51
meetings_decisions_b2_18 7f8dcacbe7d0
meetings_decisions_b2_19 9933950691a9
meetings_decisions_b2_20 85ac3ae277dd
money_contracts_b1_01 5335d906a57b
money_contracts_b1_02 af5fd8478f48
money_contracts_b1_03 23ee2ffba2c4
money_contracts_b1_04 df139879d849
money_contracts_b1_05 9172dbb661a5
money_contracts_b1_06 1232352c05b8
money_contracts_b1_07 dad66a7b5fbd
money_contracts_b1_08 e37bf4f3e67c
money_contracts_b1_09 fb285a366302
money_contracts_b1_10 8b8541b79d53
money_contracts_b1_11 faad9905d20f
money_contracts_b1_12 901eed7f3826
money_contracts_b1_13 41fbe9b384d3
money_contracts_b1_14 984f64caf6c9
money_contracts_b1_15 6b9828399d4f
money_contracts_b1_16 d02bd62e5818
money_contracts_b1_17 54370323d001
money_contracts_b1_18 cb078c87459b
money_contracts_b1_19 3137825de555
money_contracts_b1_20 c2c7633b2ba1
needs_help_a0_01 da4092712b6c
needs_help_a0_02 cf2feb96b5cd
needs_help_a0_03 0850dc7fd88a
needs_help_a0_04 d86fda50e8ec
needs_help_a0_05 8e5cc27018e8
needs_help_a0_06 3189775167b1
needs_help_a0_07 db3b3e2bee1c
needs_help_a0_08 c06a3ef0ea0a
needs_help_a0_09 1326941d2edc
needs_help_a0_10 ce92272977e4
needs_help_a0_11 8c3dcfe2aa7d
needs_help_a0_12 9b57f9caf3da
needs_help_a0_13 b0ead6d46efa
needs_help_a0_14 e81e761a6d99
needs_help_a0_15 809f0e89cbb1
needs_help_a0_16 4af3e52f85f2
needs_help_a0_17 372053b741c6
needs_help_a0_18 940de45b6df8
needs_help_a0_19 e281af4b5cd0
needs_help_a0_20 c69a481004bb
negotiation_b2_01 d9fbc70a6596
negotiation_b2_02 b320cf56e5bf
negotiation_b2_03 9e834f0129d9
negotiation_b2_04 e9ac1046c57a
negotiation_b2_05 904a1c6a3257
negotiation_b2_06 b765dea21774
negotiation_b2_07 f185f26875a3
negotiation_b2_08 78c3092d5985
negotiation_b2_09 a482ae946914
negotiation_b2_10 c1ba6ccfccc9
negotiation_b2_11 afe4c4fd4007
negotiation_b2_12 a1b256deb784
negotiation_b2_13 3ddb18d1fcbc
negotiation_b2_14 97c10614aed6
negotiation_b2_15 1d66840736c9
negotiation_b2_16 75a0095e92e2
negotiation_b2_17 e4543ef9235f
negotiation_b2_18 cb98d79ad8eb
negotiation_b2_19 80f8fab3179d
negotiation_b2_20 53b1b7cd8d4f
opinion_reasons_b1_01 abaf75977d42
opinion_reasons_b1_02 24eba70dec45
opinion_reasons_b1_03 10f6e70608c4
opinion_reasons_b1_04 4e21e99780c2
opinion_reasons_b1_05 a7e78eed64d3
opinion_reasons_b1_06 109fb2344159
opinion_reasons_b1_07 cf2625fc1ba8
opinion_reasons_b1_08 a4368df04574
opinion_reasons_b1_09 373d06ed1320
opinion_reasons_b1_10 36fa3779c141
opinion_reasons_b1_11 390e17e1a532
opinion_reasons_b1_12 b19a6b88fab0
opinion_reasons_b1_13 0c6428c2880b
opinion_reasons_b1_14 d157dd288bcd
opinion_reasons_b1_15 5700248f541d
opinion_reasons_b1_16 48bd321a9d65
opinion_reasons_b1_17 8bb410df7443
opinion_reasons_b1_18 4a241a6fea7c
opinion_reasons_b1_19 0fec2ecf41b5
opinion_reasons_b1_20 23bbc8dd7e16
past_stories_a2_01 02955e856cfb
past_stories_a2_02 030cfdd1a5a2
past_stories_a2_03 e2dbd48e8be3
past_stories_a2_04 9087513bda3a
past_stories_a2_05 3b94549bd7d3
past_stories_a2_06 60812e19050d
past_stories_a2_07 a869c68ee5d6
past_stories_a2_08 33719e142d55
past_stories_a2_09 71f9b75f2e95
past_stories_a2_10 b214e3c0d76f
past_stories_a2_11 071a461993b4
past_stories_a2_12 cc840ebfea79
past_stories_a2_13 76db2be59ba8
past_stories_a2_14 ce84ea8b5e0a
past_stories_a2_15 04e8f52f6094
past_stories_a2_16 a06eefa4929c
past_stories_a2_17 33372438146a
past_stories_a2_18 77c23aa3c0ac
past_stories_a2_19 624f53dc4e94
past_stories_a2_20 6a9931394563
people_family_a1_01 b43a4934a265
people_family_a1_02 57526647806b
people_family_a1_03 c97ad150e304
people_family_a1_04 fbd4465e6120
people_family_a1_05 3c0823b57c63
people_family_a1_06 41dfc8fd96b7
people_family_a1_07 b620731991d8
people_family_a1_08 c10a5b3deb6c
people_family_a1_09 497bbe0cfbde
people_family_a1_10 e44db0d8cced
people_family_a1_11 f951bd0d074b
people_family_a1_12 3a8a943eed56
people_family_a1_13 bcfa59793879
people_family_a1_14 fa9915219feb
people_family_a1_15 ec06025ce2ed
people_family_a1_16 9e803d7e858c
people_family_a1_17 f7257d072005
people_family_a1_18 4a96b642d973
people_family_a1_19 a6ba40d81a04
people_family_a1_20 9a24b4dd22d9
persuasion_b2_01 e7990497e471
persuasion_b2_02 e21cb1dbabc3
persuasion_b2_03 271a47eae0e9
persuasion_b2_04 1a91a8667aae
persuasion_b2_05 f1f4b34dc5de
persuasion_b2_06 d96f2b6f8a96
persuasion_b2_07 601225206f6c
persuasion_b2_08 a079d4aef08a
persuasion_b2_09 4cf9229e276a
persuasion_b2_10 52af1011b0bf
persuasion_b2_11 1362e65a3584
persuasion_b2_12 f240b7701f4d
persuasion_b2_13 976d320d2922
persuasion_b2_14 2054a16c567c
persuasion_b2_15 a746a7b9e171
persuasion_b2_16 e838ddd6cf74
persuasion_b2_17 36c5a2248ac3
persuasion_b2_18 50728f95db59
persuasion_b2_19 59a25ca96f63
persuasion_b2_20 3619fceb0f4b
place_time_price_a0_01 026bd601c7ae
place_time_price_a0_02 76da97bd6432
place_time_price_a0_03 c883e531c828
place_time_price_a0_04 5f903d6180b6
place_time_price_a0_05 2a36773b9cd6
place_time_price_a0_06 1df476bc5807
place_time_price_a0_07 928e63ed355e
place_time_price_a0_08 4e5f2fc2b855
place_time_price_a0_09 71eea649b324
place_time_price_a0_10 849623ee7e2f
place_time_price_a0_11 dcb72ee6167a
place_time_price_a0_12 ba487627f605
place_time_price_a0_13 2381e95cb700
place_time_price_a0_14 cbd9e84601a1
place_time_price_a0_15 10df84b200b7
place_time_price_a0_16 d790a31a2a99
place_time_price_a0_17 cbdacfa296f0
place_time_price_a0_18 8f1946a35834
place_time_price_a0_19 35db1e50ebaf
place_time_price_a0_20 e8ecb81c7d99
plans_invitations_a1_01 c47a0f8a378d
plans_invitations_a1_02 02d1fabd55be
plans_invitations_a1_03 2a23846206e9
plans_invitations_a1_04 ccbfb402e5cd
plans_invitations_a1_05 9b2e2520ef05
plans_invitations_a1_06 886ebe93d7c9
plans_invitations_a1_07 c4fa7b221af1
plans_invitations_a1_08 ab6870dcb1db
plans_invitations_a1_09 0fc6aff29e95
plans_invitations_a1_10 db78c726b0a7
plans_invitations_a1_11 9de0a718497e
plans_invitations_a1_12 0479051c51b3
plans_invitations_a1_13 eab2d4da1374
plans_invitations_a1_14 53c7f5d374b5
plans_invitations_a1_15 d427dc57b4f6
plans_invitations_a1_16 4033e9daab08
plans_invitations_a1_17 c5587d226c2f
plans_invitations_a1_18 8bc8e7203d69
plans_invitations_a1_19 069ed02ace62
plans_invitations_a1_20 c6363bdf0d88
presentations_data_b2_01 3760a2f6bc81
presentations_data_b2_02 6d343a249327
presentations_data_b2_03 f397703fcc88
presentations_data_b2_04 bd436d2ddf98
presentations_data_b2_05 385317deac23
presentations_data_b2_06 af5e046f0c5d
presentations_data_b2_07 32b71591fd59
presentations_data_b2_08 814f61f6c4f2
presentations_data_b2_09 fd778380305f
presentations_data_b2_10 7e49da1a3446
presentations_data_b2_11 5414a58b2510
presentations_data_b2_12 fe227ec0a5f3
presentations_data_b2_13 aa54ad379ecc
presentations_data_b2_14 d958c96a4b81
presentations_data_b2_15 7b12f0c2c6fe
presentations_data_b2_16 2430976dc035
presentations_data_b2_17 a310f42254a9
presentations_data_b2_18 09722371b9da
presentations_data_b2_19 24c3909e24d2
presentations_data_b2_20 8e7d0b02bb36
relations_boundaries_b1_01 155995a05ddc
relations_boundaries_b1_02 a249bcdd7330
relations_boundaries_b1_03 07308342c4e6
relations_boundaries_b1_04 dac3dd401740
relations_boundaries_b1_05 6c30472c90a6
relations_boundaries_b1_06 76ffe8c19a7d
relations_boundaries_b1_07 36ce6890a3fb
relations_boundaries_b1_08 d076fca5f53d
relations_boundaries_b1_09 55ddc4c1db9a
relations_boundaries_b1_10 2eef767a1109
relations_boundaries_b1_11 0a6653447c17
relations_boundaries_b1_12 bb568626749e
relations_boundaries_b1_13 7ee6d744538c
relations_boundaries_b1_14 8cd5bd3891f6
relations_boundaries_b1_15 e8e4860c7659
relations_boundaries_b1_16 3302b1fb1529
relations_boundaries_b1_17 f118b1b179a7
relations_boundaries_b1_18 ec7ab71aa9c7
relations_boundaries_b1_19 8b77d8bd45af
relations_boundaries_b1_20 2bd3ee456098
returns_delivery_a2_01 9d5de5b2ea03
returns_delivery_a2_02 0175fdec1942
returns_delivery_a2_03 d196f83280cb
returns_delivery_a2_04 41de762f6bcf
returns_delivery_a2_05 38676c9a6033
returns_delivery_a2_06 eb31cc3336eb
returns_delivery_a2_07 246ff14af59a
returns_delivery_a2_08 0ca2f59041c4
returns_delivery_a2_09 544518860ce9
returns_delivery_a2_10 4d30db8000d3
returns_delivery_a2_11 06efaf39e243
returns_delivery_a2_12 391631c3f619
returns_delivery_a2_13 2e659dd0a217
returns_delivery_a2_14 5bbfc0caf428
returns_delivery_a2_15 68a2b64cfde0
returns_delivery_a2_16 ae0624e64c12
returns_delivery_a2_17 955d0568cfe2
returns_delivery_a2_18 f0999e51b203
returns_delivery_a2_19 9bbbaf06c3e0
returns_delivery_a2_20 84eace582c07
shopping_payment_a1_01 ed3d421318a9
shopping_payment_a1_02 dee0c37d3663
shopping_payment_a1_03 43ac333e53c9
shopping_payment_a1_04 5e1fae918604
shopping_payment_a1_05 53e1446f1d7b
shopping_payment_a1_06 216fe05d1f0a
shopping_payment_a1_07 5576f4f10406
shopping_payment_a1_08 9b38c126b65b
shopping_payment_a1_09 c192512cd91a
shopping_payment_a1_10 c5c98a1b724a
shopping_payment_a1_11 d30e3b3f331c
shopping_payment_a1_12 9d765f68b346
shopping_payment_a1_13 09b47905f14e
shopping_payment_a1_14 24ace1ac80c4
shopping_payment_a1_15 2e3a1d04a677
shopping_payment_a1_16 f3bdd59fac75
shopping_payment_a1_17 601b5bc3d547
shopping_payment_a1_18 67037f62d22d
shopping_payment_a1_19 be1c8290b360
shopping_payment_a1_20 2265103351b8
society_rights_b2_01 b765327c17cd
society_rights_b2_02 4f929a60a362
society_rights_b2_03 249a84fe02a6
society_rights_b2_04 c107a04f7e86
society_rights_b2_05 8ba8dc681955
society_rights_b2_06 820f99047305
society_rights_b2_07 913d4b73752a
society_rights_b2_08 fba26254e3d8
society_rights_b2_09 a7f622aed2ad
society_rights_b2_10 7e6b645ab21d
society_rights_b2_11 3088f8a59a65
society_rights_b2_12 8d62f765b073
society_rights_b2_13 05822b7789a6
society_rights_b2_14 8928e0b30b87
society_rights_b2_15 e8f2e26f4fcd
society_rights_b2_16 7868546bb9ed
society_rights_b2_17 3baa5db345a4
society_rights_b2_18 2a552e228307
society_rights_b2_19 c829dc53182f
society_rights_b2_20 80af153aee0a
sources_evidence_b2_01 9967ea93c7ce
sources_evidence_b2_02 dcee5a1573dd
sources_evidence_b2_03 4d74266b763f
sources_evidence_b2_04 387a90077087
sources_evidence_b2_05 aa2694954929
sources_evidence_b2_06 1c877a827fb0
sources_evidence_b2_07 708d7fac034f
sources_evidence_b2_08 ceff318520dc
sources_evidence_b2_09 906afc599e8f
sources_evidence_b2_10 b24795a783fc
sources_evidence_b2_11 45ea148a737e
sources_evidence_b2_12 a75f51965f7f
sources_evidence_b2_13 fc2d9bdd1b37
sources_evidence_b2_14 d6c9dac74ea7
sources_evidence_b2_15 7b54269dc4b2
sources_evidence_b2_16 f69099ca8d80
sources_evidence_b2_17 8c1852c0b653
sources_evidence_b2_18 ebacc373eda8
sources_evidence_b2_19 f5d0d4f64b5d
sources_evidence_b2_20 55233ef96d17
study_contact_a1_01 462fc1f825b9
study_contact_a1_02 b0560340e169
study_contact_a1_03 608326b770b4
study_contact_a1_04 67a54bfe8a1a
study_contact_a1_05 aca9ef38bd53
study_contact_a1_06 3fd71bb2b0a1
study_contact_a1_07 ede222f18c2e
study_contact_a1_08 58547b6fbfee
study_contact_a1_09 8de31f2df416
study_contact_a1_10 6fe3002bbf57
study_contact_a1_11 746c16855572
study_contact_a1_12 8dd66bdf9e77
study_contact_a1_13 275151fb7ccb
study_contact_a1_14 470ef97d3bf0
study_contact_a1_15 693ee1a1bfbd
study_contact_a1_16 c8299a06c8cf
study_contact_a1_17 e3f33460b951
study_contact_a1_18 0a157816a7e2
study_contact_a1_19 5f3d41fc011f
study_contact_a1_20 99b45952168f
summary_rethink_b2_01 5e4a4f8600ba
summary_rethink_b2_02 cd2f2cfe34e3
summary_rethink_b2_03 be546aa65215
summary_rethink_b2_04 da2fa587da60
summary_rethink_b2_05 5eabb8a83709
summary_rethink_b2_06 0c6d00db3306
summary_rethink_b2_07 318179ce474c
summary_rethink_b2_08 d243856d494b
summary_rethink_b2_09 8e5f8c914e8a
summary_rethink_b2_10 cd4a81fda36e
summary_rethink_b2_11 46acea3d0f63
summary_rethink_b2_12 f76f762b2b45
summary_rethink_b2_13 0afcfbd4caa4
summary_rethink_b2_14 f676ea480c74
summary_rethink_b2_15 56a9252cd61d
summary_rethink_b2_16 7b03a96e5b90
summary_rethink_b2_17 ea8ee32e36ee
summary_rethink_b2_18 5701e37bc229
summary_rethink_b2_19 134ac1d1c9c7
summary_rethink_b2_20 895c26b6d0a7
symptoms_treatment_a2_01 8b7e57112f91
symptoms_treatment_a2_02 1827f971eab3
symptoms_treatment_a2_03 d4884bcf340f
symptoms_treatment_a2_04 7a1876e25db5
symptoms_treatment_a2_05 86023e4fe650
symptoms_treatment_a2_06 db4afe2c7be4
symptoms_treatment_a2_07 b6704cd33c44
symptoms_treatment_a2_08 442d2b4b8f11
symptoms_treatment_a2_09 87378f0941e0
symptoms_treatment_a2_10 1965eca9ed2d
symptoms_treatment_a2_11 dee3c3ea4d58
symptoms_treatment_a2_12 71aae2c67ee8
symptoms_treatment_a2_13 a3176d8e6e2d
symptoms_treatment_a2_14 635b30411571
symptoms_treatment_a2_15 a242423fba81
symptoms_treatment_a2_16 4f58bb5f76e2
symptoms_treatment_a2_17 cbb541f915a2
symptoms_treatment_a2_18 f525c1952734
symptoms_treatment_a2_19 b67054cf8c68
symptoms_treatment_a2_20 5eead43d2938
teamwork_b1_01 948e34c532e4
teamwork_b1_02 a3d2a0321320
teamwork_b1_03 e0263a3736c7
teamwork_b1_04 f2440dc558d6
teamwork_b1_05 466b6753a42b
teamwork_b1_06 031e16237fcf
teamwork_b1_07 c52a389804f1
teamwork_b1_08 0debb60c525e
teamwork_b1_09 b001876dc606
teamwork_b1_10 739902cd8796
teamwork_b1_11 0e3efdf9d6c1
teamwork_b1_12 0a19b27fa0b4
teamwork_b1_13 a2e7582fa33f
teamwork_b1_14 970c67f7735e
teamwork_b1_15 b61c3d7e826e
teamwork_b1_16 975ac026df6d
teamwork_b1_17 7cf8eaefb776
teamwork_b1_18 2876dbb7a3eb
teamwork_b1_19 8fe575a2bf50
teamwork_b1_20 092d71067e8c
transport_a1_01 cc2daf809376
transport_a1_02 a23d839055c3
transport_a1_03 82f606a72b2f
transport_a1_04 9b1b4624b6bf
transport_a1_05 3cadf7372bd1
transport_a1_06 61cc4d761f37
transport_a1_07 7ba3489f75ea
transport_a1_08 7338bdb9d2a1
transport_a1_09 6c6258e81583
transport_a1_10 60fa35574067
transport_a1_11 31d84ee9d209
transport_a1_12 ef555be95057
transport_a1_13 b02d60192562
transport_a1_14 59773cdf63bf
transport_a1_15 5f7616a2cbad
transport_a1_16 264185131ee1
transport_a1_17 a5b5fffef571
transport_a1_18 a414d1537260
transport_a1_19 5eb02063ba81
transport_a1_20 87697a89ebc5
travel_hotel_a1_01 36b6cc8e821f
travel_hotel_a1_02 921ccacfd893
travel_hotel_a1_03 6f283b2e8d54
travel_hotel_a1_04 3b588c6cf8e1
travel_hotel_a1_05 b1e496962441
travel_hotel_a1_06 87b89b2c1ce9
travel_hotel_a1_07 37dacb6f0eba
travel_hotel_a1_08 a4466f5a79c0
travel_hotel_a1_09 8d1c20ee6806
travel_hotel_a1_10 eb5308afd6a6
travel_hotel_a1_11 b22ecb427f4f
travel_hotel_a1_12 f559831a84df
travel_hotel_a1_13 7dd5f1b0a6e6
travel_hotel_a1_14 d5b9c843f6d3
travel_hotel_a1_15 2754ea750d1b
travel_hotel_a1_16 f5515298cb2e
travel_hotel_a1_17 5b990e330ef2
travel_hotel_a1_18 38ca9a6b3dcd
travel_hotel_a1_19 06aaf574f887
travel_hotel_a1_20 08d055d56610
travel_trouble_a2_01 19ec79937b61
travel_trouble_a2_02 e2b4a3c34615
travel_trouble_a2_03 9a929163817a
travel_trouble_a2_04 856041bfa8fb
travel_trouble_a2_05 5a4525accda3
travel_trouble_a2_06 8ceeb40ae53b
travel_trouble_a2_07 c0b2a2fe7908
travel_trouble_a2_08 57215c3672ae
travel_trouble_a2_09 37d32e8fa24e
travel_trouble_a2_10 0d54952cadf9
travel_trouble_a2_11 b07838c2f682
travel_trouble_a2_12 4cf20228ac46
travel_trouble_a2_13 903542ec146b
travel_trouble_a2_14 fe0623e63403
travel_trouble_a2_15 570425b8eba0
travel_trouble_a2_16 eda6d658632c
travel_trouble_a2_17 c86a5b641b4f
travel_trouble_a2_18 42663fadf34e
travel_trouble_a2_19 75735b4c9d15
travel_trouble_a2_20 2bcf87216d8e
understanding_a0_01 d4c55d7e4e0c
understanding_a0_02 6e5abd7d0bae
understanding_a0_03 d9a312968b7a
understanding_a0_04 00ce4057749e
understanding_a0_05 a703bf850d36
understanding_a0_06 1990ca0bd26d
understanding_a0_07 a99d92f77435
understanding_a0_08 47fb541d84de
understanding_a0_09 372e9992a075
understanding_a0_10 88a6fd65e753
understanding_a0_11 72aae56e2e4d
understanding_a0_12 9e4cdbe19357
understanding_a0_13 3d0688394ab2
understanding_a0_14 0cd2f9473041
understanding_a0_15 a2c7e4cf5bbb
understanding_a0_16 2581b4ba4252
understanding_a0_17 b2243f45fb3e
understanding_a0_18 7447c3247829
understanding_a0_19 e40ce68dae22
understanding_a0_20 cf4688bbeb5a
work_change_b2_01 b03301805954
work_change_b2_02 ac0c9c27bccc
work_change_b2_03 24447819b18c
work_change_b2_04 8c3701100b23
work_change_b2_05 e9b9e46a69cc
work_change_b2_06 1da5dcc2674c
work_change_b2_07 8a425a1ca1ee
work_change_b2_08 8d5dcdda2c08
work_change_b2_09 3b7379d50ac9
work_change_b2_10 aa82ec937571
work_change_b2_11 0dd07d6f0cb3
work_change_b2_12 68a07405fc0a
work_change_b2_13 9d694bc909c2
work_change_b2_14 503a3d94e17d
work_change_b2_15 76162be471d0
work_change_b2_16 0a4c6155712d
work_change_b2_17 0b8254e8147b
work_change_b2_18 ecd84a298075
work_change_b2_19 6d92313cbda8
work_change_b2_20 8190a8f3839c
work_search_a2_01 0e642048bc11
work_search_a2_02 51bef8803b43
work_search_a2_03 9d792a896f17
work_search_a2_04 6e005b242d63
work_search_a2_05 1e73ce4a1204
work_search_a2_06 c6ce0cb22580
work_search_a2_07 a8a866b35737
work_search_a2_08 029c2561fb27
work_search_a2_09 378c07eee4f8
work_search_a2_10 af24615603df
work_search_a2_11 3fe92bf79126
work_search_a2_12 762878f5b242
work_search_a2_13 0246fe9004c3
work_search_a2_14 c2d25ae356af
work_search_a2_15 3c1459250733
work_search_a2_16 4f1d2df9ae77
work_search_a2_17 a4af3ce26265
work_search_a2_18 044be9b5740c
work_search_a2_19 0ac194a460eb
work_search_a2_20 d2b68289827d
