# Отпечатки немецких фраз на момент перевода на uk.
#
# Генерируется: dart run tool/lock_translations.dart --lang uk
# Руками не правится. Строка «id отпечаток»; отпечаток берётся
# от собранного предложения, а не от шаблона с ответами
# по отдельности.
#
# Расхождение означает, что немецкую фразу изменили после
# перевода: перевод на месте, но описывает не тот текст.
# Валидатор выносит такие фразы на перевод заново.
city_a0_hotel 90f1cb999b08
city_a0_map 5be309d374a0
city_a0_post 186061ab03bf
city_a0_right 2ef329f395b6
city_a1_address 534218201998
city_a1_bridge 2b0151460017
city_a1_corner 6b2fcd0102ff
city_a1_crossing e84bc1eb5ded
city_a1_direction 984d526ec72e
city_a1_exit eeada3eccc57
city_a1_river f7c88f1cd796
city_a1_townhall be2b32b057a9
city_a2_administration e5adcb2ad9cd
city_a2_cinema 60b29147dc6d
city_a2_citizenoffice 808908c0bd34
city_a2_emergency cfbe4f0af0a1
city_a2_library e2cc81dc5636
city_a2_playground 0a340ade1cb0
city_a2_police f35fb6534f35
city_a2_pool 0fd4d1389d04
city_a2_resident 66fe6cfdfb7a
city_a2_school 4b180fe374b6
city_a2_sight 48fe4c09a21e
city_a2_suburb 4164296d68bf
city_b1_application a8b6e372d331
city_b1_fee 98ba13eec98f
city_b1_form b00845a16a69
city_b1_greenspace 1afb3363c7d5
city_b1_infrastructure dd3fd2631fa5
city_b1_jurisdiction 63cb63e2bf75
city_b1_mayor 3c3c769cfe83
city_b1_municipality 49d16da5d759
city_b1_notice f415b82c7b99
city_b1_objection 2f4b60d3ec39
city_b1_permit cfb0106ce1fd
city_b1_publicorder 44144b8db6c2
city_b2_administrativeact 0d1a8556ba59
city_b2_budget 0b7ed480928f
city_b2_court d2fbd4a5aa26
city_b2_disaster adadeb1ced70
city_b2_expropriation fd134f5f2f9f
city_b2_gazette c5881997b3ee
city_b2_landuse 08c43ce0c5b3
city_b2_offence 65d159e84a26
city_b2_planning 7ba0026b5dfd
city_b2_referendum 058315b564ad
city_b2_remedy 698f2dd3ef95
city_b2_tradetax 1cdbbf199aa0
doctor_a0_appointment b345f9b51202
doctor_a0_doctor 11d2c1bb4e72
doctor_a0_help da4092712b6c
doctor_a0_pain 4032a1695093
doctor_a1_card 205def6e746b
doctor_a1_cough becefa65a805
doctor_a1_healthy 681625148d70
doctor_a1_prescription de29def01293
doctor_a1_temperature 9782d1d015ef
doctor_a1_throat b444a8fccff2
doctor_a1_tooth 23284a5e6068
doctor_a1_waiting c82a7b1d5240
doctor_a2_allergy 0859e4ec23a4
doctor_a2_appointment 6c65b0165e86
doctor_a2_blood 67989d3f4870
doctor_a2_dizzy 3a1c7cfbadf8
doctor_a2_dosage 6cd080bcb8d2
doctor_a2_emergency 5015d432025e
doctor_a2_heart 52809bf1a7c2
doctor_a2_sicknote 94a0f1649483
doctor_a2_sideeffect 056339859581
doctor_a2_tablet a574efcd604b
doctor_a2_vaccination 2889cfbab04d
doctor_a2_wound 296bb98e3c35
doctor_b1_chronic 61dad537c9f8
doctor_b1_coverage 8e59508933fd
doctor_b1_diagnosis 40b1f459c3c8
doctor_b1_discharge 1366c865b4b5
doctor_b1_infection 3307eb928dd1
doctor_b1_lab 065c2ad7d82d
doctor_b1_operation 1a3e459dbc5b
doctor_b1_pressure f43686c5664c
doctor_b1_referral b1ecc9072032
doctor_b1_rehab 6c53dbe816c6
doctor_b1_report 2fcbf2146447
doctor_b1_symptom 6e263731f80d
doctor_b2_consent 1ae4ed4caef2
doctor_b2_copayment fbf4df0598f0
doctor_b2_estimate 8fd1ffa8ba65
doctor_b2_file d5353c917e94
doctor_b2_incapacity edf8f0fcb4cc
doctor_b2_interaction fceec4495799
doctor_b2_objection 8c5a24798923
doctor_b2_opinion 3fcd166396a5
doctor_b2_outpatient 1a7d7208d82e
doctor_b2_privacy 9683ca62a260
doctor_b2_reimbursement b24c6eaecbb2
doctor_b2_secondopinion c01944d389e0
family_a0_child 9f3def57cba3
family_a0_family b04507be23ac
family_a0_friend 90525bb74feb
family_a0_name 59c7f7068d12
family_a1_aunt b147f2eb7b93
family_a1_birthday 997d4745a681
family_a1_brother c8fb94901c4a
family_a1_grandmother 072fbc1690bd
family_a1_husband a11911711791
family_a1_uncle 45c7bb9d60cb
family_a1_wedding 32a70d31991e
family_a1_young 5d74b9a55a15
family_a2_childhood 0ac79222d348
family_a2_citizenship e464896b04e0
family_a2_divorce 11c53ec27eaf
family_a2_engagement 40a5f2e6751c
family_a2_household e42bde12340b
family_a2_kindergarten 35f3428689f9
family_a2_maritalstatus 820f55534f73
family_a2_marriage bc7849454794
family_a2_pension 9e6b76793852
family_a2_relatives 09ec8a7808fb
family_a2_siblings a7277c618861
family_a2_surname 2f008e9862ec
family_b1_adoption ab98fccefe04
family_b1_birthcertificate bc74ddc915a0
family_b1_childbenefit 3aeb341c3a29
family_b1_childcare caf1b08d5dad
family_b1_custody 493bacb9cf9b
family_b1_generation b96dc7ca893b
family_b1_inheritance cabc3bb42c7e
family_b1_maintenance e35296f80112
family_b1_parentalleave f7a1e96b70c3
family_b1_powerofattorney 637bab55d724
family_b1_registryoffice 05b4c5c8ea1a
family_b1_will 46a784ed3a78
family_b2_accessright 03d121aca5ff
family_b2_childwelfare 554f1fc8f283
family_b2_compulsoryshare 68bbd6a1f40d
family_b2_familycourt 6198181413ae
family_b2_inheritancetax 766123a13cb8
family_b2_livingwill dde87e90bf0b
family_b2_naturalisation 3e42e1d70c4c
family_b2_pensionclaim 560cdf598e1f
family_b2_prenup c586a94521d7
family_b2_residencepermit 8d043420cb4c
family_b2_reunion bb08aace3a1b
family_b2_youthoffice 8afbbb7bd22e
food_a0_bread 479535b98341
food_a0_hunger d86fda50e8ec
food_a0_restaurant c0ee4ca4d272
food_a0_water f3c6626e154a
food_a1_breakfast 6e21d9c3df34
food_a1_cheese 5aea681eb2dd
food_a1_dinner b6833476a27c
food_a1_egg 42adb5494f60
food_a1_fork bc32541f0a42
food_a1_glass 3678449d864f
food_a1_lunch 29ece00889b5
food_a1_vegetable 0ca8723051d2
food_a2_bill 10df84b200b7
food_a2_cake 2675f1f4ce51
food_a2_chocolate 235c1179f6a2
food_a2_juice 3749363810a6
food_a2_menu 4346809096a6
food_a2_order a3821aeb37e2
food_a2_potato 468f24f4ebaa
food_a2_sausage 614cc6e171ef
food_a2_tea 231b1ab9df05
food_a2_tip d2f7aea280ac
food_a2_waiter b50a7f819685
food_a2_wine bb472b946aef
food_b1_dessert 8b7667a888ad
food_b1_groceries 16bdc06ed384
food_b1_ingredient c922fed33499
food_b1_maincourse 5ab74863318b
food_b1_nutrition 9f1d2b69eb0c
food_b1_onion 0986f0f2ae75
food_b1_portion e053da867c4d
food_b1_preparation 6dd1c1b48dcd
food_b1_recipe 55b20e016b28
food_b1_shelflife ae226fc6617d
food_b1_spice 4fc2db08f7d5
food_b1_taste 6e85d1d16eb2
food_b2_additive bc7cc4e769dd
food_b2_allergen 873238f87912
food_b2_consumerprotection 88abfe270be2
food_b2_hygiene 18fe5eadca8e
food_b2_intolerance 6d12b49dd59d
food_b2_labelling 1f3345186b44
food_b2_nutritionalvalue ec53dd3910f7
food_b2_organic a22eeab662f2
food_b2_origin cdc37c035d27
food_b2_retail b5b74d6bea3c
food_b2_supplychain f991748f75da
food_b2_sustainability 17e5e0c9cba2
home_a0_key e619c4c455e7
home_a0_kitchen 243a16d82a41
home_a0_rent 901d6035433c
home_a0_room 439bf7711a53
home_a1_bathroom 9aaa446bfdbd
home_a1_cellar 51f82eddbbee
home_a1_flat 206457b706a9
home_a1_garden b98e09a1f783
home_a1_heating 520e0a3ccc6b
home_a1_lamp 182a961e3f1a
home_a1_stairs 536dff73dd52
home_a1_wall 04777bf54665
home_a2_balcony bc6a2cef9fd1
home_a2_caretaker 613dc3865d09
home_a2_deposit 043bce696d6d
home_a2_electricity 5c373b71e4c3
home_a2_fridge 52d56a796b2e
home_a2_furniture 13ae5add9e85
home_a2_landlord ac5deef94f8c
home_a2_lease 49f8ce9cb1a8
home_a2_move 390859553ff4
home_a2_rubbish 9adcc5ac239f
home_a2_utilities c2fe9b160a91
home_a2_washing 3f28d5200875
home_b1_defect 9892e3af117b
home_b1_heatingcosts 602eb8f80eb9
home_b1_livingspace 46f573995b8c
home_b1_mould 5dfa68a3f79d
home_b1_noticeperiod e1e16d08e93f
home_b1_registration 86ef360bbcf8
home_b1_renovation 10189c061b3d
home_b1_rentincrease 4fd9d4b73b52
home_b1_smokedetector 92c52ec1e560
home_b1_sublet fddc84e54280
home_b1_tradesman 220d3bded846
home_b1_wastesorting 6fa4db3a8d80
home_b2_buildingapplication 0fba7a334b8f
home_b2_defectnotice 690aa9855d67
home_b2_handover 8e86df3a259e
home_b2_heritage 03047ff6ced9
home_b2_insulation ed6ffbd8e3e5
home_b2_landregister 85202611534f
home_b2_marketvalue 2d38774d3689
home_b2_mortgage 2d7938f916db
home_b2_owners 80effdbaeea1
home_b2_rentindex fe93f9d1e25b
home_b2_rentreduction 0ddd9351f548
home_b2_repayment b65cc51bd3d3
shop_a0_checkout 9d765f68b346
shop_a0_expensive c192512cd91a
shop_a0_money c21a175fe976
shop_a0_price b986f3faa8da
shop_a1_cash a178230eaba8
shop_a1_change f756bc95ba08
shop_a1_delivery 4ab5d57cc18f
shop_a1_discount 897ba4131af3
shop_a1_exchange ddabf1b9a924
shop_a1_offer 937bf56b2e6e
shop_a1_quality d78fbda1274f
shop_a1_size 471322b50af8
shop_a2_complaint 95da7e42c8b6
shop_a2_creditcard e72ae42d5620
shop_a2_openinghours fc075d4c9df8
shop_a2_receipt 76392c82bb7f
shop_a2_return 9ea53e294ea6
shop_a2_seller 94ec3c0fe9be
shop_a2_shipping 6fc40c9eb1ca
shop_a2_special 2fa5c1c1cb7a
shop_a2_transfer 90f0920df333
shop_a2_vat bb34fbae88cb
shop_a2_voucher e8896bf651b3
shop_a2_warranty 3f28baf9c62a
shop_b1_billingaddress 9e9ec8a3b5c6
shop_b1_contract 89a1f635a1f8
shop_b1_deliverytime b3d3e1b633d2
shop_b1_directdebit 3cd1379e707b
shop_b1_financing 9d73f1785519
shop_b1_paymentterm 526c911cd126
shop_b1_pricecomparison 6a49bfa7794f
shop_b1_reminder 6d988c285baf
shop_b1_review fc2a96ce35f5
shop_b1_tracking 9cf7f49675d3
shop_b1_warranty f2122d6612c0
shop_b1_withdrawal e3b3f03528a0
shop_b2_burden a5c0be5cbddb
shop_b2_consumercentre 6d64d62c08c5
shop_b2_damages cad65ebe0cbe
shop_b2_default d074fc43c57e
shop_b2_defect fcaba2b33fa2
shop_b2_limitation d2eb8cd81f7f
shop_b2_margin 6e8fb0f218e8
shop_b2_marketshare 4d13881cbfec
shop_b2_shortage f24434ea2cca
shop_b2_stocktaking 909c8c35c139
shop_b2_terms 06446d8e1bb9
shop_b2_withdrawal 2e26fcec2785
time_a0_clock e0f1c5d1f1b4
time_a0_evening 83510c001af2
time_a0_today 59b71ae5130c
time_a0_week c247e2302a0a
time_a1_date 6885a4d9e878
time_a1_never e8eb0ed2020d
time_a1_noon f6ae15a71db1
time_a1_now dd705ab2ff9e
time_a1_often 4eefc4e2bdf9
time_a1_soon c654c16ec894
time_a1_tomorrow f042a773d024
time_a1_weekend adc1f3b29d63
time_a2_alarm 5a0b929dbc66
time_a2_appointment 784b90c768fb
time_a2_beginning 8931db686537
time_a2_clocktime fc1acac20a7a
time_a2_duration 4a1d0d4865ef
time_a2_ending 866bd9031c92
time_a2_future d6e9bf79cfb8
time_a2_moment a39b04e9254a
time_a2_monday 38e5d458fc08
time_a2_summer 5c407894591e
time_a2_vacation a728069689ea
time_a2_winter c19f865c464c
time_b1_anniversary 61d7e0b3d579
time_b1_cutoffdate f4c809a5c0a0
time_b1_delay 5d84de8e13ec
time_b1_diary 131021d7b995
time_b1_opportunity 2ba58e1a69aa
time_b1_period 7b55d7399749
time_b1_postponement 42236567aff4
time_b1_punctuality b15fb99e5cbc
time_b1_schedule 0a12cbbc2810
time_b1_summertime ed745ccf3e84
time_b1_timepressure 2225f8be7375
time_b1_timezone 9e1d113366c7
time_b2_chronology 70b87094bfc5
time_b2_cycle f2e207fb478e
time_b2_era 50b60357193f
time_b2_interval 7bd8aefee525
time_b2_limitation 1214436bac3d
time_b2_milestone 5578d6e39de5
time_b2_prioritisation cb76f91e7916
time_b2_projectphase d702fafe6a40
time_b2_qualifying 5c022cb12a79
time_b2_retroactivity ea7c26434baa
time_b2_timemanagement 4f29163364d5
time_b2_transition bd755584f9e2
transport_a0_bus cfc1316e5a4e
transport_a0_late e55d44f0c80a
transport_a0_station af5e07f202b4
transport_a0_ticket a6ddd41ced33
transport_a1_connection a9bfbe1356eb
transport_a1_delay ef555be95057
transport_a1_departure 4825ac71a627
transport_a1_journey 623576172a55
transport_a1_luggage 6fe3cea35156
transport_a1_platform 8708b70698fd
transport_a1_seat 64935ba97066
transport_a1_taxi 031354463630
transport_a2_accident 95cbe91b10ca
transport_a2_airport dfd71722d840
transport_a2_diversion c128970b7a53
transport_a2_engine 6f68cb203873
transport_a2_ferry 34176f5a077e
transport_a2_insurance 78fb4dc8d76f
transport_a2_jam bc7668c02854
transport_a2_licence 1312dab3ddee
transport_a2_parking 6efa4a5e836f
transport_a2_petrol 3960db85d3b3
transport_a2_speed 3196dd1819bd
transport_a2_workshop 96daf6ef05c5
transport_b1_breakdown bcf0fae3d80b
transport_b1_consumption 04993c858a08
transport_b1_fine 7c2611de9841
transport_b1_inspection 90984dedef87
transport_b1_localtransport 8f96d1e8a868
transport_b1_maintenance ba3f45ff3349
transport_b1_monthlyticket 793e378859e2
transport_b1_passenger 5edd50a5f024
transport_b1_reduction 140638f08cfc
transport_b1_registration 186c5bf3dbeb
transport_b1_rightofway 949347a2ce79
transport_b1_speedlimit 80fd37881b63
transport_b2_claims 757b5f6a4e67
transport_b2_customs 1987df6cdb17
transport_b2_excess 33d64edcd9c5
transport_b2_freight 6a76068615e4
transport_b2_infra a12b06509ce6
transport_b2_liability f46c99948580
transport_b2_logbook f4c10551d878
transport_b2_lowemission 304bca0e83fe
transport_b2_network 970574ba9276
transport_b2_noise ef795313c89f
transport_b2_roadsafety cb602ea9b8d7
transport_b2_subsidy fa2d9703ddc3
work_a0_holiday 2544ac809992
work_a0_office 9bd0b3785a16
work_a0_tired 792b567c44e6
work_a0_work 1d02374da1fa
work_a1_application 27e7e0a7c5f0
work_a1_break 05f8879fbe46
work_a1_cv 0d13d043500a
work_a1_deadline cb387bb80ca7
work_a1_department 81fc89d33d8d
work_a1_experience 9fcc395657e6
work_a1_interview 09c226a98605
work_a1_task 7224f691773d
work_a2_contract ecaf9656be67
work_a2_dismissal a2c0432c6c09
work_a2_endofday d08255985383
work_a2_homeoffice 0ae17a7ee90e
work_a2_parttime 381faf09f80c
work_a2_payslip 3bfb8dba7efa
work_a2_probation 6dac8697cbbb
work_a2_shift 08429c3215bc
work_a2_sicknote eda6a44ef4e9
work_a2_supervisor 15c28b715447
work_a2_tax d471bffc4bc2
work_a2_training 4433521c6803
work_b1_atmosphere 926bc4d82757
work_b1_collectiveagreement 88e244f2571c
work_b1_coverletter 73ebe3e395ef
work_b1_fixedterm 98b614a304c5
work_b1_holidayentitlement 4f9ca12310a8
work_b1_induction 1b7fd1a182bf
work_b1_jobadvert 2c37f5490000
work_b1_minimumwage 2ec065e1cb80
work_b1_qualification a6a9431aa0db
work_b1_reference abd11fa982eb
work_b1_safety 90f3aea4dbc7
work_b1_warning 0dfb5f354c5e
work_b2_ancillary 284d7301e019
work_b2_careinsurance 945242cf5d00
work_b2_codetermination 647c7cda4ff5
work_b2_conciliation 052cff477809
work_b2_labourcourt 9ce3673be354
work_b2_labourlaw 02e0bfc68fe0
work_b2_redundancy f1f7307c9936
work_b2_shorttime 025837edf230
work_b2_socialinsurance 38b8e6a0ff3c
work_b2_socialplan 9dcfcd408843
work_b2_strike 1566812401f2
work_b2_temporarywork d25f5a046aae
